
Microsoft Visual Studio Solution File, Format Version 12.00
# Visual Studio Version 17
VisualStudioVersion = 17.4.33213.308
MinimumVisualStudioVersion = 10.0.40219.1
Project("{FAE04EC0-301F-11D3-BF4B-00C04F79EFBC}") = "DemoAPI303", "DemoAPI303\DemoAPI303.csproj", "{367DA419-C390-4A2A-93A0-3461EC27040D}"
EndProject
Project("{FAE04EC0-301F-11D3-BF4B-00C04F79EFBC}") = "TestApiByWinform", "TestApiByWinform\TestApiByWinform.csproj", "{7EBF65E9-7336-4D52-86D9-C8291C1981A8}"
EndProject
Project("{FAE04EC0-301F-11D3-BF4B-00C04F79EFBC}") = "TestAPIConsole", "TestAPIConsole\TestAPIConsole.csproj", "{8AFBBFEF-0615-44D2-9D19-E8394FA235C0}"
EndProject
Project("{FAE04EC0-301F-11D3-BF4B-00C04F79EFBC}") = "TestAPIMVC", "TestAPIMVC\TestAPIMVC.csproj", "{8579A03B-E0DA-4E02-B3A4-0C687861518D}"
EndProject
Project("{FAE04EC0-301F-11D3-BF4B-00C04F79EFBC}") = "Data", "Data\Data.csproj", "{56121DAE-1BE1-4383-810E-AE2CC1409E51}"
EndProject
Global
	GlobalSection(SolutionConfigurationPlatforms) = preSolution
		Debug|Any CPU = Debug|Any CPU
		Release|Any CPU = Release|Any CPU
	EndGlobalSection
	GlobalSection(ProjectConfigurationPlatforms) = postSolution
		{367DA419-C390-4A2A-93A0-3461EC27040D}.Debug|Any CPU.ActiveCfg = Debug|Any CPU
		{367DA419-C390-4A2A-93A0-3461EC27040D}.Debug|Any CPU.Build.0 = Debug|Any CPU
		{367DA419-C390-4A2A-93A0-3461EC27040D}.Release|Any CPU.ActiveCfg = Release|Any CPU
		{367DA419-C390-4A2A-93A0-3461EC27040D}.Release|Any CPU.Build.0 = Release|Any CPU
		{7EBF65E9-7336-4D52-86D9-C8291C1981A8}.Debug|Any CPU.ActiveCfg = Debug|Any CPU
		{7EBF65E9-7336-4D52-86D9-C8291C1981A8}.Debug|Any CPU.Build.0 = Debug|Any CPU
		{7EBF65E9-7336-4D52-86D9-C8291C1981A8}.Release|Any CPU.ActiveCfg = Release|Any CPU
		{7EBF65E9-7336-4D52-86D9-C8291C1981A8}.Release|Any CPU.Build.0 = Release|Any CPU
		{8AFBBFEF-0615-44D2-9D19-E8394FA235C0}.Debug|Any CPU.ActiveCfg = Debug|Any CPU
		{8AFBBFEF-0615-44D2-9D19-E8394FA235C0}.Debug|Any CPU.Build.0 = Debug|Any CPU
		{8AFBBFEF-0615-44D2-9D19-E8394FA235C0}.Release|Any CPU.ActiveCfg = Release|Any CPU
		{8AFBBFEF-0615-44D2-9D19-E8394FA235C0}.Release|Any CPU.Build.0 = Release|Any CPU
		{8579A03B-E0DA-4E02-B3A4-0C687861518D}.Debug|Any CPU.ActiveCfg = Debug|Any CPU
		{8579A03B-E0DA-4E02-B3A4-0C687861518D}.Debug|Any CPU.Build.0 = Debug|Any CPU
		{8579A03B-E0DA-4E02-B3A4-0C687861518D}.Release|Any CPU.ActiveCfg = Release|Any CPU
		{8579A03B-E0DA-4E02-B3A4-0C687861518D}.Release|Any CPU.Build.0 = Release|Any CPU
		{56121DAE-1BE1-4383-810E-AE2CC1409E51}.Debug|Any CPU.ActiveCfg = Debug|Any CPU
		{56121DAE-1BE1-4383-810E-AE2CC1409E51}.Debug|Any CPU.Build.0 = Debug|Any CPU
		{56121DAE-1BE1-4383-810E-AE2CC1409E51}.Release|Any CPU.ActiveCfg = Release|Any CPU
		{56121DAE-1BE1-4383-810E-AE2CC1409E51}.Release|Any CPU.Build.0 = Release|Any CPU
	EndGlobalSection
	GlobalSection(SolutionProperties) = preSolution
		HideSolutionNode = FALSE
	EndGlobalSection
	GlobalSection(ExtensibilityGlobals) = postSolution
		SolutionGuid = {EF057A47-33A2-4D88-A25F-243AD583CEB0}
	EndGlobalSection
EndGlobal
